
Microsoft Visual Studio Solution File, Format Version 12.00
# Visual Studio Version 16
VisualStudioVersion = 16.0.32106.194
MinimumVisualStudioVersion = 10.0.40219.1
Project("{9A19103F-16F7-4668-BE54-9A1E7A4F7556}") = "CsmFerramentas", "CsmFerramentas\CsmFerramentas.csproj", "{44A662EF-C0E1-4AF1-9BFE-76349CD4951E}"
EndProject
Project("{2150E333-8FDC-42A3-9474-1A3956D46DE8}") = "Solution Items", "Solution Items", "{524DBA5C-C4D2-4AAD-9218-615F61FC3FDB}"
EndProject
Global
	GlobalSection(SolutionConfigurationPlatforms) = preSolution
		Debug|Any CPU = Debug|Any CPU
		Release|Any CPU = Release|Any CPU
	EndGlobalSection
	GlobalSection(ProjectConfigurationPlatforms) = postSolution
		{44A662EF-C0E1-4AF1-9BFE-76349CD4951E}.Debug|Any CPU.ActiveCfg = Debug|Any CPU
		{44A662EF-C0E1-4AF1-9BFE-76349CD4951E}.Debug|Any CPU.Build.0 = Debug|Any CPU
		{44A662EF-C0E1-4AF1-9BFE-76349CD4951E}.Release|Any CPU.ActiveCfg = Release|Any CPU
		{44A662EF-C0E1-4AF1-9BFE-76349CD4951E}.Release|Any CPU.Build.0 = Release|Any CPU
	EndGlobalSection
	GlobalSection(SolutionProperties) = preSolution
		HideSolutionNode = FALSE
	EndGlobalSection
	GlobalSection(ExtensibilityGlobals) = postSolution
		SolutionGuid = {D897B8DD-9C44-457C-9BD2-1A31373944BA}
	EndGlobalSection
EndGlobal
